
Microsoft Visual Studio Solution File, Format Version 12.00
# Visual Studio Version 17
VisualStudioVersion = 17.8.34309.116
MinimumVisualStudioVersion = 10.0.40219.1
Project("{FAE04EC0-301F-11D3-BF4B-00C04F79EFBC}") = "PsxSymIdaSrcGen.Tests", "PsxSymIdaSrcGen.Tests\PsxSymIdaSrcGen.Tests.csproj", "{6314376D-BE58-4130-904B-2119D0DACA1A}"
EndProject
Global
	GlobalSection(SolutionConfigurationPlatforms) = preSolution
		Debug|Any CPU = Debug|Any CPU
		Release|Any CPU = Release|Any CPU
	EndGlobalSection
	GlobalSection(ProjectConfigurationPlatforms) = postSolution
		{6314376D-BE58-4130-904B-2119D0DACA1A}.Debug|Any CPU.ActiveCfg = Debug|Any CPU
		{6314376D-BE58-4130-904B-2119D0DACA1A}.Debug|Any CPU.Build.0 = Debug|Any CPU
		{6314376D-BE58-4130-904B-2119D0DACA1A}.Release|Any CPU.ActiveCfg = Release|Any CPU
		{6314376D-BE58-4130-904B-2119D0DACA1A}.Release|Any CPU.Build.0 = Release|Any CPU
	EndGlobalSection
	GlobalSection(SolutionProperties) = preSolution
		HideSolutionNode = FALSE
	EndGlobalSection
	GlobalSection(ExtensibilityGlobals) = postSolution
		SolutionGuid = {A898F79F-874F-4EE7-BC8C-495BF9D3FE61}
	EndGlobalSection
EndGlobal
